
Microsoft Visual Studio Solution File, Format Version 11.00
# Visual Studio 2010
Project("{FAE04EC0-301F-11D3-BF4B-00C04F79EFBC}") = "JavaScript", "Javascript\JavaScript.csproj", "{7E386CAC-0721-486B-AA32-3D95F5539E9A}"
EndProject
Project("{FAE04EC0-301F-11D3-BF4B-00C04F79EFBC}") = "DOM", "DOM\DOM.csproj", "{AC25316B-FBC4-4D4C-BB0B-C3831539E0DB}"
EndProject
Global
	GlobalSection(SolutionConfigurationPlatforms) = preSolution
		Debug|Any CPU = Debug|Any CPU
		Release|Any CPU = Release|Any CPU
	EndGlobalSection
	GlobalSection(ProjectConfigurationPlatforms) = postSolution
		{7E386CAC-0721-486B-AA32-3D95F5539E9A}.Debug|Any CPU.ActiveCfg = Debug|Any CPU
		{7E386CAC-0721-486B-AA32-3D95F5539E9A}.Debug|Any CPU.Build.0 = Debug|Any CPU
		{7E386CAC-0721-486B-AA32-3D95F5539E9A}.Release|Any CPU.ActiveCfg = Release|Any CPU
		{7E386CAC-0721-486B-AA32-3D95F5539E9A}.Release|Any CPU.Build.0 = Release|Any CPU
		{AC25316B-FBC4-4D4C-BB0B-C3831539E0DB}.Debug|Any CPU.ActiveCfg = Debug|Any CPU
		{AC25316B-FBC4-4D4C-BB0B-C3831539E0DB}.Debug|Any CPU.Build.0 = Debug|Any CPU
		{AC25316B-FBC4-4D4C-BB0B-C3831539E0DB}.Release|Any CPU.ActiveCfg = Release|Any CPU
		{AC25316B-FBC4-4D4C-BB0B-C3831539E0DB}.Release|Any CPU.Build.0 = Release|Any CPU
	EndGlobalSection
	GlobalSection(SolutionProperties) = preSolution
		HideSolutionNode = FALSE
	EndGlobalSection
EndGlobal
